
Microsoft Visual Studio Solution File, Format Version 12.00
# Visual Studio Version 17
VisualStudioVersion = 17.4.33110.190
MinimumVisualStudioVersion = 10.0.40219.1
Project("{FAE04EC0-301F-11D3-BF4B-00C04F79EFBC}") = "video", "video\video.csproj", "{9FA39FA5-94E4-4C29-A4EB-1C76123804CC}"
EndProject
Global
	GlobalSection(SolutionConfigurationPlatforms) = preSolution
		Debug|Any CPU = Debug|Any CPU
		Release|Any CPU = Release|Any CPU
	EndGlobalSection
	GlobalSection(ProjectConfigurationPlatforms) = postSolution
		{9FA39FA5-94E4-4C29-A4EB-1C76123804CC}.Debug|Any CPU.ActiveCfg = Debug|Any CPU
		{9FA39FA5-94E4-4C29-A4EB-1C76123804CC}.Debug|Any CPU.Build.0 = Debug|Any CPU
		{9FA39FA5-94E4-4C29-A4EB-1C76123804CC}.Release|Any CPU.ActiveCfg = Release|Any CPU
		{9FA39FA5-94E4-4C29-A4EB-1C76123804CC}.Release|Any CPU.Build.0 = Release|Any CPU
	EndGlobalSection
	GlobalSection(SolutionProperties) = preSolution
		HideSolutionNode = FALSE
	EndGlobalSection
	GlobalSection(ExtensibilityGlobals) = postSolution
		SolutionGuid = {4D9613EB-01F0-49CD-B9C0-D92F93B8B77B}
	EndGlobalSection
EndGlobal
